
Microsoft Visual Studio Solution File, Format Version 12.00
Project("{FAE04EC0-301F-11D3-BF4B-00C04F79EFBC}") = "BookStore", "BookStore\BookStore.csproj", "{687E91FD-1F87-4384-88F7-4E5344A7237F}"
EndProject
Project("{FAE04EC0-301F-11D3-BF4B-00C04F79EFBC}") = "BookStore.Domain", "BookStore.Domain\BookStore.Domain.csproj", "{69699E98-CA57-403E-8F18-C189B3A4206E}"
EndProject
Project("{FAE04EC0-301F-11D3-BF4B-00C04F79EFBC}") = "BookStore.Service", "BookStore.Service\BookStore.Service.csproj", "{11205791-01C9-4B0E-BE29-469F9C906749}"
EndProject
Project("{FAE04EC0-301F-11D3-BF4B-00C04F79EFBC}") = "BookStore.Persistence", "BookStore.Persistence\BookStore.Persistence.csproj", "{26CEC1F2-52D4-480A-BE9D-04EDD3478BDA}"
EndProject
Project("{FAE04EC0-301F-11D3-BF4B-00C04F79EFBC}") = "BookStore.Repositories", "BookStore.Repositories\BookStore.Repositories.csproj", "{5EC8A288-559B-4A15-9E82-2C4AD4B4EA9D}"
EndProject
Global
	GlobalSection(SolutionConfigurationPlatforms) = preSolution
		Debug|Any CPU = Debug|Any CPU
		Release|Any CPU = Release|Any CPU
	EndGlobalSection
	GlobalSection(ProjectConfigurationPlatforms) = postSolution
		{687E91FD-1F87-4384-88F7-4E5344A7237F}.Debug|Any CPU.ActiveCfg = Debug|Any CPU
		{687E91FD-1F87-4384-88F7-4E5344A7237F}.Debug|Any CPU.Build.0 = Debug|Any CPU
		{687E91FD-1F87-4384-88F7-4E5344A7237F}.Release|Any CPU.ActiveCfg = Release|Any CPU
		{687E91FD-1F87-4384-88F7-4E5344A7237F}.Release|Any CPU.Build.0 = Release|Any CPU
		{69699E98-CA57-403E-8F18-C189B3A4206E}.Debug|Any CPU.ActiveCfg = Debug|Any CPU
		{69699E98-CA57-403E-8F18-C189B3A4206E}.Debug|Any CPU.Build.0 = Debug|Any CPU
		{69699E98-CA57-403E-8F18-C189B3A4206E}.Release|Any CPU.ActiveCfg = Release|Any CPU
		{69699E98-CA57-403E-8F18-C189B3A4206E}.Release|Any CPU.Build.0 = Release|Any CPU
		{11205791-01C9-4B0E-BE29-469F9C906749}.Debug|Any CPU.ActiveCfg = Debug|Any CPU
		{11205791-01C9-4B0E-BE29-469F9C906749}.Debug|Any CPU.Build.0 = Debug|Any CPU
		{11205791-01C9-4B0E-BE29-469F9C906749}.Release|Any CPU.ActiveCfg = Release|Any CPU
		{11205791-01C9-4B0E-BE29-469F9C906749}.Release|Any CPU.Build.0 = Release|Any CPU
		{26CEC1F2-52D4-480A-BE9D-04EDD3478BDA}.Debug|Any CPU.ActiveCfg = Debug|Any CPU
		{26CEC1F2-52D4-480A-BE9D-04EDD3478BDA}.Debug|Any CPU.Build.0 = Debug|Any CPU
		{26CEC1F2-52D4-480A-BE9D-04EDD3478BDA}.Release|Any CPU.ActiveCfg = Release|Any CPU
		{26CEC1F2-52D4-480A-BE9D-04EDD3478BDA}.Release|Any CPU.Build.0 = Release|Any CPU
		{5EC8A288-559B-4A15-9E82-2C4AD4B4EA9D}.Debug|Any CPU.ActiveCfg = Debug|Any CPU
		{5EC8A288-559B-4A15-9E82-2C4AD4B4EA9D}.Debug|Any CPU.Build.0 = Debug|Any CPU
		{5EC8A288-559B-4A15-9E82-2C4AD4B4EA9D}.Release|Any CPU.ActiveCfg = Release|Any CPU
		{5EC8A288-559B-4A15-9E82-2C4AD4B4EA9D}.Release|Any CPU.Build.0 = Release|Any CPU
	EndGlobalSection
EndGlobal
